
Microsoft Visual Studio Solution File, Format Version 12.00
# Visual Studio Version 16
VisualStudioVersion = 16.0.32428.217
MinimumVisualStudioVersion = 10.0.40219.1
Project("{FAE04EC0-301F-11D3-BF4B-00C04F79EFBC}") = "MX_Target_View", "MX_Target_Projetos\MX_Target_View.csproj", "{B11D7B4F-0209-4D10-9DFC-C6A5D7914889}"
EndProject
Project("{FAE04EC0-301F-11D3-BF4B-00C04F79EFBC}") = "MX_Target_Domain", "MX_Target_Domain\MX_Target_Domain.csproj", "{4AB29E36-060C-4B4D-9D65-74252CDB1595}"
EndProject
Project("{FAE04EC0-301F-11D3-BF4B-00C04F79EFBC}") = "MX_Target_Domain.Tests", "MX_Target_Domain.Tests\MX_Target_Domain.Tests.csproj", "{D31ED0B3-514A-46EB-A155-F539520244B7}"
EndProject
Global
	GlobalSection(SolutionConfigurationPlatforms) = preSolution
		Debug|Any CPU = Debug|Any CPU
		Release|Any CPU = Release|Any CPU
	EndGlobalSection
	GlobalSection(ProjectConfigurationPlatforms) = postSolution
		{B11D7B4F-0209-4D10-9DFC-C6A5D7914889}.Debug|Any CPU.ActiveCfg = Debug|Any CPU
		{B11D7B4F-0209-4D10-9DFC-C6A5D7914889}.Debug|Any CPU.Build.0 = Debug|Any CPU
		{B11D7B4F-0209-4D10-9DFC-C6A5D7914889}.Release|Any CPU.ActiveCfg = Release|Any CPU
		{B11D7B4F-0209-4D10-9DFC-C6A5D7914889}.Release|Any CPU.Build.0 = Release|Any CPU
		{4AB29E36-060C-4B4D-9D65-74252CDB1595}.Debug|Any CPU.ActiveCfg = Debug|Any CPU
		{4AB29E36-060C-4B4D-9D65-74252CDB1595}.Debug|Any CPU.Build.0 = Debug|Any CPU
		{4AB29E36-060C-4B4D-9D65-74252CDB1595}.Release|Any CPU.ActiveCfg = Release|Any CPU
		{4AB29E36-060C-4B4D-9D65-74252CDB1595}.Release|Any CPU.Build.0 = Release|Any CPU
		{D31ED0B3-514A-46EB-A155-F539520244B7}.Debug|Any CPU.ActiveCfg = Debug|Any CPU
		{D31ED0B3-514A-46EB-A155-F539520244B7}.Debug|Any CPU.Build.0 = Debug|Any CPU
		{D31ED0B3-514A-46EB-A155-F539520244B7}.Release|Any CPU.ActiveCfg = Release|Any CPU
		{D31ED0B3-514A-46EB-A155-F539520244B7}.Release|Any CPU.Build.0 = Release|Any CPU
	EndGlobalSection
	GlobalSection(SolutionProperties) = preSolution
		HideSolutionNode = FALSE
	EndGlobalSection
	GlobalSection(ExtensibilityGlobals) = postSolution
		SolutionGuid = {9A770F36-F553-432B-A73E-4EDB2EA2655C}
	EndGlobalSection
EndGlobal
